
Microsoft Visual Studio Solution File, Format Version 12.00
# Visual Studio Version 17
VisualStudioVersion = 17.3.32819.101
MinimumVisualStudioVersion = 10.0.40219.1
Project("{9A19103F-16F7-4668-BE54-9A1E7A4F7556}") = "Blazor_CRUD_last.Server", "Blazor_CRUD_last\Server\Blazor_CRUD_last.Server.csproj", "{EC421E8C-1ABF-4625-905E-18A95E0ED590}"
EndProject
Project("{9A19103F-16F7-4668-BE54-9A1E7A4F7556}") = "Blazor_CRUD_last.Client", "Blazor_CRUD_last\Client\Blazor_CRUD_last.Client.csproj", "{54FAECE1-56E5-451D-9FED-02F6C0E3C452}"
EndProject
Project("{9A19103F-16F7-4668-BE54-9A1E7A4F7556}") = "Blazor_CRUD_last.Shared", "Blazor_CRUD_last\Shared\Blazor_CRUD_last.Shared.csproj", "{1FF61192-7AA3-4052-90F7-4B9E7B8232F5}"
EndProject
Global
	GlobalSection(SolutionConfigurationPlatforms) = preSolution
		Debug|Any CPU = Debug|Any CPU
		Release|Any CPU = Release|Any CPU
	EndGlobalSection
	GlobalSection(ProjectConfigurationPlatforms) = postSolution
		{EC421E8C-1ABF-4625-905E-18A95E0ED590}.Debug|Any CPU.ActiveCfg = Debug|Any CPU
		{EC421E8C-1ABF-4625-905E-18A95E0ED590}.Debug|Any CPU.Build.0 = Debug|Any CPU
		{EC421E8C-1ABF-4625-905E-18A95E0ED590}.Release|Any CPU.ActiveCfg = Release|Any CPU
		{EC421E8C-1ABF-4625-905E-18A95E0ED590}.Release|Any CPU.Build.0 = Release|Any CPU
		{54FAECE1-56E5-451D-9FED-02F6C0E3C452}.Debug|Any CPU.ActiveCfg = Debug|Any CPU
		{54FAECE1-56E5-451D-9FED-02F6C0E3C452}.Debug|Any CPU.Build.0 = Debug|Any CPU
		{54FAECE1-56E5-451D-9FED-02F6C0E3C452}.Release|Any CPU.ActiveCfg = Release|Any CPU
		{54FAECE1-56E5-451D-9FED-02F6C0E3C452}.Release|Any CPU.Build.0 = Release|Any CPU
		{1FF61192-7AA3-4052-90F7-4B9E7B8232F5}.Debug|Any CPU.ActiveCfg = Debug|Any CPU
		{1FF61192-7AA3-4052-90F7-4B9E7B8232F5}.Debug|Any CPU.Build.0 = Debug|Any CPU
		{1FF61192-7AA3-4052-90F7-4B9E7B8232F5}.Release|Any CPU.ActiveCfg = Release|Any CPU
		{1FF61192-7AA3-4052-90F7-4B9E7B8232F5}.Release|Any CPU.Build.0 = Release|Any CPU
	EndGlobalSection
	GlobalSection(SolutionProperties) = preSolution
		HideSolutionNode = FALSE
	EndGlobalSection
	GlobalSection(ExtensibilityGlobals) = postSolution
		SolutionGuid = {CF4BE7F6-4FDE-4DB0-8F32-C563EF93E7EE}
	EndGlobalSection
EndGlobal
